// !$*UTF8*$!
{
	archiveVersion = 1;
	classes = {
	};
	objectVersion = 56;
	objects = {

/* Begin PBXBuildFile section */
		20D2AD27E298FBCA3D148647 /* Pods_Anifu.framework in Frameworks */ = {isa = PBXBuildFile; fileRef = E53ACF28974F9532680C2CF9 /* Pods_Anifu.framework */; };
		5D02E76E29653E17008A1596 /* PublicRouter.swift in Sources */ = {isa = PBXBuildFile; fileRef = 5D02E76D29653E16008A1596 /* PublicRouter.swift */; };
		5D32F7B7294B0CEF002CE156 /* AppDelegate.swift in Sources */ = {isa = PBXBuildFile; fileRef = 5D32F7B6294B0CEF002CE156 /* AppDelegate.swift */; };
		5D32F7B9294B0CEF002CE156 /* SceneDelegate.swift in Sources */ = {isa = PBXBuildFile; fileRef = 5D32F7B8294B0CEF002CE156 /* SceneDelegate.swift */; };
		5D32F7BB294B0CEF002CE156 /* ViewController.swift in Sources */ = {isa = PBXBuildFile; fileRef = 5D32F7BA294B0CEF002CE156 /* ViewController.swift */; };
		5D32F7C0294B0CF1002CE156 /* Assets.xcassets in Resources */ = {isa = PBXBuildFile; fileRef = 5D32F7BF294B0CF1002CE156 /* Assets.xcassets */; };
		5D32F7C3294B0CF1002CE156 /* LaunchScreen.storyboard in Resources */ = {isa = PBXBuildFile; fileRef = 5D32F7C1294B0CF1002CE156 /* LaunchScreen.storyboard */; };
		5D32F7CC294B0F41002CE156 /* Preview.swift in Sources */ = {isa = PBXBuildFile; fileRef = 5D32F7CB294B0F41002CE156 /* Preview.swift */; };
		5D32F7CF294B1FC3002CE156 /* BrowseAnimeViewController.swift in Sources */ = {isa = PBXBuildFile; fileRef = 5D32F7CE294B1FC3002CE156 /* BrowseAnimeViewController.swift */; };
		5D32F7D1294B20D8002CE156 /* AnimeCollectionViewCell.swift in Sources */ = {isa = PBXBuildFile; fileRef = 5D32F7D0294B20D8002CE156 /* AnimeCollectionViewCell.swift */; };
		5D32F7D4294B21BA002CE156 /* AnimeCardModel.swift in Sources */ = {isa = PBXBuildFile; fileRef = 5D32F7D3294B21BA002CE156 /* AnimeCardModel.swift */; };
		5D3978192963DBA900E4FEA5 /* UICollectionView+Extension.swift in Sources */ = {isa = PBXBuildFile; fileRef = 5D3978182963DBA900E4FEA5 /* UICollectionView+Extension.swift */; };
		5D39781C2963F63200E4FEA5 /* AnimeListViewController.swift in Sources */ = {isa = PBXBuildFile; fileRef = 5D39781B2963F63200E4FEA5 /* AnimeListViewController.swift */; };
		5D39781F2963F95300E4FEA5 /* AnimeListModel.swift in Sources */ = {isa = PBXBuildFile; fileRef = 5D39781E2963F95200E4FEA5 /* AnimeListModel.swift */; };
		5D3978222964118100E4FEA5 /* AnimeListTableViewCell.swift in Sources */ = {isa = PBXBuildFile; fileRef = 5D3978212964118100E4FEA5 /* AnimeListTableViewCell.swift */; };
		5D397824296422D300E4FEA5 /* AnimeListViewController+ViewExtension.swift in Sources */ = {isa = PBXBuildFile; fileRef = 5D397823296422D300E4FEA5 /* AnimeListViewController+ViewExtension.swift */; };
		5D4C3F96295D8DE20009FB3B /* AnimeModel.swift in Sources */ = {isa = PBXBuildFile; fileRef = 5D4C3F95295D8DE20009FB3B /* AnimeModel.swift */; };
		5D7D78C5297A39180053B382 /* BrowseAnimeComposer.swift in Sources */ = {isa = PBXBuildFile; fileRef = 5D7D78C4297A39180053B382 /* BrowseAnimeComposer.swift */; };
		5D7FA0162965ADB100E38C6F /* BrowseAnimeViewController+Extension.swift in Sources */ = {isa = PBXBuildFile; fileRef = 5D7FA0152965ADB100E38C6F /* BrowseAnimeViewController+Extension.swift */; };
		5D9BC45B296BB984009110C0 /* AnimeCustomSectionHeader.swift in Sources */ = {isa = PBXBuildFile; fileRef = 5D9BC45A296BB984009110C0 /* AnimeCustomSectionHeader.swift */; };
		5D9BC461296C17A5009110C0 /* URLConstant.swift in Sources */ = {isa = PBXBuildFile; fileRef = 5D9BC460296C17A5009110C0 /* URLConstant.swift */; };
		5D9BC465296D154D009110C0 /* AnifuTabBarController.swift in Sources */ = {isa = PBXBuildFile; fileRef = 5D9BC464296D154D009110C0 /* AnifuTabBarController.swift */; };
		5D9D00F9295D910200A8EF9B /* URLRequest+Extension.swift in Sources */ = {isa = PBXBuildFile; fileRef = 5D9D00F8295D910200A8EF9B /* URLRequest+Extension.swift */; };
		5DA0FAE82962E8F800F3C916 /* UIView+Extension.swift in Sources */ = {isa = PBXBuildFile; fileRef = 5DA0FAE72962E8F800F3C916 /* UIView+Extension.swift */; };
		5DA0FAEB2962EF2F00F3C916 /* APIHelper.swift in Sources */ = {isa = PBXBuildFile; fileRef = 5DA0FAEA2962EF2F00F3C916 /* APIHelper.swift */; };
		5DC9164B298CB5C000391DAB /* ShimmeringView.swift in Sources */ = {isa = PBXBuildFile; fileRef = 5DC9164A298CB5BF00391DAB /* ShimmeringView.swift */; };
		C3E36B2F2A0A31920081188E /* AnifuTests.swift in Sources */ = {isa = PBXBuildFile; fileRef = C3E36B2E2A0A31920081188E /* AnifuTests.swift */; };
		C3E36B372A0A31DC0081188E /* BrowsePageViewModelTest.swift in Sources */ = {isa = PBXBuildFile; fileRef = C3E36B362A0A31DC0081188E /* BrowsePageViewModelTest.swift */; };
/* End PBXBuildFile section */

/* Begin PBXContainerItemProxy section */
		C3E36B302A0A31920081188E /* PBXContainerItemProxy */ = {
			isa = PBXContainerItemProxy;
			containerPortal = 5D32F7AB294B0CEE002CE156 /* Project object */;
			proxyType = 1;
			remoteGlobalIDString = 5D32F7B2294B0CEF002CE156;
			remoteInfo = Anifu;
		};
/* End PBXContainerItemProxy section */

/* Begin PBXFileReference section */
		2271A89DCF87321A5ACC469E /* Pods-Anifu.debug.xcconfig */ = {isa = PBXFileReference; includeInIndex = 1; lastKnownFileType = text.xcconfig; name = "Pods-Anifu.debug.xcconfig"; path = "Target Support Files/Pods-Anifu/Pods-Anifu.debug.xcconfig"; sourceTree = "<group>"; };
		5D02E76D29653E16008A1596 /* PublicRouter.swift */ = {isa = PBXFileReference; lastKnownFileType = sourcecode.swift; path = PublicRouter.swift; sourceTree = "<group>"; };
		5D32F7B3294B0CEF002CE156 /* Anifu.app */ = {isa = PBXFileReference; explicitFileType = wrapper.application; includeInIndex = 0; path = Anifu.app; sourceTree = BUILT_PRODUCTS_DIR; };
		5D32F7B6294B0CEF002CE156 /* AppDelegate.swift */ = {isa = PBXFileReference; lastKnownFileType = sourcecode.swift; path = AppDelegate.swift; sourceTree = "<group>"; };
		5D32F7B8294B0CEF002CE156 /* SceneDelegate.swift */ = {isa = PBXFileReference; lastKnownFileType = sourcecode.swift; path = SceneDelegate.swift; sourceTree = "<group>"; };
		5D32F7BA294B0CEF002CE156 /* ViewController.swift */ = {isa = PBXFileReference; lastKnownFileType = sourcecode.swift; path = ViewController.swift; sourceTree = "<group>"; };
		5D32F7BF294B0CF1002CE156 /* Assets.xcassets */ = {isa = PBXFileReference; lastKnownFileType = folder.assetcatalog; path = Assets.xcassets; sourceTree = "<group>"; };
		5D32F7C2294B0CF1002CE156 /* Base */ = {isa = PBXFileReference; lastKnownFileType = file.storyboard; name = Base; path = Base.lproj/LaunchScreen.storyboard; sourceTree = "<group>"; };
		5D32F7C4294B0CF1002CE156 /* Info.plist */ = {isa = PBXFileReference; lastKnownFileType = text.plist.xml; path = Info.plist; sourceTree = "<group>"; };
		5D32F7CB294B0F41002CE156 /* Preview.swift */ = {isa = PBXFileReference; lastKnownFileType = sourcecode.swift; path = Preview.swift; sourceTree = "<group>"; };
		5D32F7CE294B1FC3002CE156 /* BrowseAnimeViewController.swift */ = {isa = PBXFileReference; lastKnownFileType = sourcecode.swift; path = BrowseAnimeViewController.swift; sourceTree = "<group>"; };
		5D32F7D0294B20D8002CE156 /* AnimeCollectionViewCell.swift */ = {isa = PBXFileReference; lastKnownFileType = sourcecode.swift; path = AnimeCollectionViewCell.swift; sourceTree = "<group>"; };
		5D32F7D3294B21BA002CE156 /* AnimeCardModel.swift */ = {isa = PBXFileReference; lastKnownFileType = sourcecode.swift; path = AnimeCardModel.swift; sourceTree = "<group>"; };
		5D3978182963DBA900E4FEA5 /* UICollectionView+Extension.swift */ = {isa = PBXFileReference; lastKnownFileType = sourcecode.swift; path = "UICollectionView+Extension.swift"; sourceTree = "<group>"; };
		5D39781B2963F63200E4FEA5 /* AnimeListViewController.swift */ = {isa = PBXFileReference; lastKnownFileType = sourcecode.swift; path = AnimeListViewController.swift; sourceTree = "<group>"; };
		5D39781E2963F95200E4FEA5 /* AnimeListModel.swift */ = {isa = PBXFileReference; lastKnownFileType = sourcecode.swift; path = AnimeListModel.swift; sourceTree = "<group>"; };
		5D3978212964118100E4FEA5 /* AnimeListTableViewCell.swift */ = {isa = PBXFileReference; lastKnownFileType = sourcecode.swift; path = AnimeListTableViewCell.swift; sourceTree = "<group>"; };
		5D397823296422D300E4FEA5 /* AnimeListViewController+ViewExtension.swift */ = {isa = PBXFileReference; lastKnownFileType = sourcecode.swift; path = "AnimeListViewController+ViewExtension.swift"; sourceTree = "<group>"; };
		5D4C3F95295D8DE20009FB3B /* AnimeModel.swift */ = {isa = PBXFileReference; lastKnownFileType = sourcecode.swift; path = AnimeModel.swift; sourceTree = "<group>"; };
		5D7D78C4297A39180053B382 /* BrowseAnimeComposer.swift */ = {isa = PBXFileReference; lastKnownFileType = sourcecode.swift; path = BrowseAnimeComposer.swift; sourceTree = "<group>"; };
		5D7FA0152965ADB100E38C6F /* BrowseAnimeViewController+Extension.swift */ = {isa = PBXFileReference; lastKnownFileType = sourcecode.swift; path = "BrowseAnimeViewController+Extension.swift"; sourceTree = "<group>"; };
		5D9BC45A296BB984009110C0 /* AnimeCustomSectionHeader.swift */ = {isa = PBXFileReference; lastKnownFileType = sourcecode.swift; path = AnimeCustomSectionHeader.swift; sourceTree = "<group>"; };
		5D9BC460296C17A5009110C0 /* URLConstant.swift */ = {isa = PBXFileReference; lastKnownFileType = sourcecode.swift; path = URLConstant.swift; sourceTree = "<group>"; };
		5D9BC464296D154D009110C0 /* AnifuTabBarController.swift */ = {isa = PBXFileReference; lastKnownFileType = sourcecode.swift; path = AnifuTabBarController.swift; sourceTree = "<group>"; };
		5D9D00F8295D910200A8EF9B /* URLRequest+Extension.swift */ = {isa = PBXFileReference; lastKnownFileType = sourcecode.swift; path = "URLRequest+Extension.swift"; sourceTree = "<group>"; };
		5DA0FAE72962E8F800F3C916 /* UIView+Extension.swift */ = {isa = PBXFileReference; lastKnownFileType = sourcecode.swift; path = "UIView+Extension.swift"; sourceTree = "<group>"; };
		5DA0FAEA2962EF2F00F3C916 /* APIHelper.swift */ = {isa = PBXFileReference; lastKnownFileType = sourcecode.swift; path = APIHelper.swift; sourceTree = "<group>"; };
		5DC9164A298CB5BF00391DAB /* ShimmeringView.swift */ = {isa = PBXFileReference; lastKnownFileType = sourcecode.swift; path = ShimmeringView.swift; sourceTree = "<group>"; };
		C3E36B2C2A0A31920081188E /* AnifuTests.xctest */ = {isa = PBXFileReference; explicitFileType = wrapper.cfbundle; includeInIndex = 0; path = AnifuTests.xctest; sourceTree = BUILT_PRODUCTS_DIR; };
		C3E36B2E2A0A31920081188E /* AnifuTests.swift */ = {isa = PBXFileReference; lastKnownFileType = sourcecode.swift; path = AnifuTests.swift; sourceTree = "<group>"; };
		C3E36B362A0A31DC0081188E /* BrowsePageViewModelTest.swift */ = {isa = PBXFileReference; lastKnownFileType = sourcecode.swift; path = BrowsePageViewModelTest.swift; sourceTree = "<group>"; };
		CA11ED92438A7BB0802E3D6E /* Pods-Anifu.release.xcconfig */ = {isa = PBXFileReference; includeInIndex = 1; lastKnownFileType = text.xcconfig; name = "Pods-Anifu.release.xcconfig"; path = "Target Support Files/Pods-Anifu/Pods-Anifu.release.xcconfig"; sourceTree = "<group>"; };
		E53ACF28974F9532680C2CF9 /* Pods_Anifu.framework */ = {isa = PBXFileReference; explicitFileType = wrapper.framework; includeInIndex = 0; path = Pods_Anifu.framework; sourceTree = BUILT_PRODUCTS_DIR; };
/* End PBXFileReference section */

/* Begin PBXFrameworksBuildPhase section */
		5D32F7B0294B0CEF002CE156 /* Frameworks */ = {
			isa = PBXFrameworksBuildPhase;
			buildActionMask = 2147483647;
			files = (
				20D2AD27E298FBCA3D148647 /* Pods_Anifu.framework in Frameworks */,
			);
			runOnlyForDeploymentPostprocessing = 0;
		};
		C3E36B292A0A31920081188E /* Frameworks */ = {
			isa = PBXFrameworksBuildPhase;
			buildActionMask = 2147483647;
			files = (
			);
			runOnlyForDeploymentPostprocessing = 0;
		};
/* End PBXFrameworksBuildPhase section */

/* Begin PBXGroup section */
		45BCC59C2D92A777345E9688 /* Pods */ = {
			isa = PBXGroup;
			children = (
				2271A89DCF87321A5ACC469E /* Pods-Anifu.debug.xcconfig */,
				CA11ED92438A7BB0802E3D6E /* Pods-Anifu.release.xcconfig */,
			);
			path = Pods;
			sourceTree = "<group>";
		};
		5D18735A296E736B00831F54 /* MainComposer */ = {
			isa = PBXGroup;
			children = (
				5D7D78C4297A39180053B382 /* BrowseAnimeComposer.swift */,
			);
			path = MainComposer;
			sourceTree = "<group>";
		};
		5D32F7AA294B0CEE002CE156 = {
			isa = PBXGroup;
			children = (
				5DC91649298CB5AC00391DAB /* ShimmerView */,
				5D9D00F7295D90EE00A8EF9B /* Extension */,
				5D32F7CA294B0EAB002CE156 /* PreviewHelper */,
				5D32F7B5294B0CEF002CE156 /* Anifu */,
				C3E36B2D2A0A31920081188E /* AnifuTests */,
				5D32F7B4294B0CEF002CE156 /* Products */,
				45BCC59C2D92A777345E9688 /* Pods */,
				851925DD11D7FA080C719F92 /* Frameworks */,
			);
			sourceTree = "<group>";
		};
		5D32F7B4294B0CEF002CE156 /* Products */ = {
			isa = PBXGroup;
			children = (
				5D32F7B3294B0CEF002CE156 /* Anifu.app */,
				C3E36B2C2A0A31920081188E /* AnifuTests.xctest */,
			);
			name = Products;
			sourceTree = "<group>";
		};
		5D32F7B5294B0CEF002CE156 /* Anifu */ = {
			isa = PBXGroup;
			children = (
				5D9BC463296D14FA009110C0 /* TabBarController */,
				C34D81CC2A09F89C00FC07EA /* Page */,
				5DA0FAE92962EF2000F3C916 /* ApiHelper */,
				5D18735A296E736B00831F54 /* MainComposer */,
				5D32F7B6294B0CEF002CE156 /* AppDelegate.swift */,
				5D32F7B8294B0CEF002CE156 /* SceneDelegate.swift */,
				5D32F7BA294B0CEF002CE156 /* ViewController.swift */,
				5D32F7BF294B0CF1002CE156 /* Assets.xcassets */,
				5D32F7C1294B0CF1002CE156 /* LaunchScreen.storyboard */,
				5D32F7C4294B0CF1002CE156 /* Info.plist */,
				5D02E76D29653E16008A1596 /* PublicRouter.swift */,
			);
			path = Anifu;
			sourceTree = "<group>";
		};
		5D32F7CA294B0EAB002CE156 /* PreviewHelper */ = {
			isa = PBXGroup;
			children = (
				5D32F7CB294B0F41002CE156 /* Preview.swift */,
			);
			path = PreviewHelper;
			sourceTree = "<group>";
		};
		5D32F7CD294B1FA5002CE156 /* Browse */ = {
			isa = PBXGroup;
			children = (
				5D9BC45F296C1796009110C0 /* Constants */,
				5D9BC45C296BBCF6009110C0 /* ViewModels */,
				5D9D00FA295EB70E00A8EF9B /* View */,
				5D32F7D2294B21A5002CE156 /* Model */,
			);
			path = Browse;
			sourceTree = "<group>";
		};
		5D32F7D2294B21A5002CE156 /* Model */ = {
			isa = PBXGroup;
			children = (
				5D4C3F95295D8DE20009FB3B /* AnimeModel.swift */,
			);
			path = Model;
			sourceTree = "<group>";
		};
		5D39781A2963F61000E4FEA5 /* TopAnimePage */ = {
			isa = PBXGroup;
			children = (
				5D3978202964116D00E4FEA5 /* View */,
				5D39781D2963F94300E4FEA5 /* Model */,
			);
			path = TopAnimePage;
			sourceTree = "<group>";
		};
		5D39781D2963F94300E4FEA5 /* Model */ = {
			isa = PBXGroup;
			children = (
				5D39781E2963F95200E4FEA5 /* AnimeListModel.swift */,
			);
			path = Model;
			sourceTree = "<group>";
		};
		5D3978202964116D00E4FEA5 /* View */ = {
			isa = PBXGroup;
			children = (
				5D3978212964118100E4FEA5 /* AnimeListTableViewCell.swift */,
				5D39781B2963F63200E4FEA5 /* AnimeListViewController.swift */,
				5D397823296422D300E4FEA5 /* AnimeListViewController+ViewExtension.swift */,
			);
			path = View;
			sourceTree = "<group>";
		};
		5D9BC45C296BBCF6009110C0 /* ViewModels */ = {
			isa = PBXGroup;
			children = (
				5D32F7D3294B21BA002CE156 /* AnimeCardModel.swift */,
			);
			path = ViewModels;
			sourceTree = "<group>";
		};
		5D9BC45F296C1796009110C0 /* Constants */ = {
			isa = PBXGroup;
			children = (
				5D9BC460296C17A5009110C0 /* URLConstant.swift */,
			);
			path = Constants;
			sourceTree = "<group>";
		};
		5D9BC463296D14FA009110C0 /* TabBarController */ = {
			isa = PBXGroup;
			children = (
				5D9BC464296D154D009110C0 /* AnifuTabBarController.swift */,
			);
			path = TabBarController;
			sourceTree = "<group>";
		};
		5D9D00F7295D90EE00A8EF9B /* Extension */ = {
			isa = PBXGroup;
			children = (
				5D9D00F8295D910200A8EF9B /* URLRequest+Extension.swift */,
				5DA0FAE72962E8F800F3C916 /* UIView+Extension.swift */,
				5D3978182963DBA900E4FEA5 /* UICollectionView+Extension.swift */,
			);
			path = Extension;
			sourceTree = "<group>";
		};
		5D9D00FA295EB70E00A8EF9B /* View */ = {
			isa = PBXGroup;
			children = (
				5D32F7D0294B20D8002CE156 /* AnimeCollectionViewCell.swift */,
				5D32F7CE294B1FC3002CE156 /* BrowseAnimeViewController.swift */,
				5D7FA0152965ADB100E38C6F /* BrowseAnimeViewController+Extension.swift */,
				5D9BC45A296BB984009110C0 /* AnimeCustomSectionHeader.swift */,
			);
			path = View;
			sourceTree = "<group>";
		};
		5DA0FAE92962EF2000F3C916 /* ApiHelper */ = {
			isa = PBXGroup;
			children = (
				5DA0FAEA2962EF2F00F3C916 /* APIHelper.swift */,
			);
			path = ApiHelper;
			sourceTree = "<group>";
		};
		5DC91649298CB5AC00391DAB /* ShimmerView */ = {
			isa = PBXGroup;
			children = (
				5DC9164A298CB5BF00391DAB /* ShimmeringView.swift */,
			);
			path = ShimmerView;
			sourceTree = "<group>";
		};
		851925DD11D7FA080C719F92 /* Frameworks */ = {
			isa = PBXGroup;
			children = (
				E53ACF28974F9532680C2CF9 /* Pods_Anifu.framework */,
			);
			name = Frameworks;
			sourceTree = "<group>";
		};
		C33A24292A0C8ADE009AD856 /* ProfilePage */ = {
			isa = PBXGroup;
			children = (
			);
			path = ProfilePage;
			sourceTree = "<group>";
		};
		C34D81CC2A09F89C00FC07EA /* Page */ = {
			isa = PBXGroup;
			children = (
				C33A24292A0C8ADE009AD856 /* ProfilePage */,
				5D39781A2963F61000E4FEA5 /* TopAnimePage */,
				5D32F7CD294B1FA5002CE156 /* Browse */,
			);
			path = Page;
			sourceTree = "<group>";
		};
		C3E36B2D2A0A31920081188E /* AnifuTests */ = {
			isa = PBXGroup;
			children = (
				C3E36B352A0A31C60081188E /* PageTest */,
				C3E36B2E2A0A31920081188E /* AnifuTests.swift */,
			);
			path = AnifuTests;
			sourceTree = "<group>";
		};
		C3E36B352A0A31C60081188E /* PageTest */ = {
			isa = PBXGroup;
			children = (
				C3E36B362A0A31DC0081188E /* BrowsePageViewModelTest.swift */,
			);
			path = PageTest;
			sourceTree = "<group>";
		};
/* End PBXGroup section */

/* Begin PBXNativeTarget section */
		5D32F7B2294B0CEF002CE156 /* Anifu */ = {
			isa = PBXNativeTarget;
			buildConfigurationList = 5D32F7C7294B0CF1002CE156 /* Build configuration list for PBXNativeTarget "Anifu" */;
			buildPhases = (
				1B8D46A799C4DC47D63B74FA /* [CP] Check Pods Manifest.lock */,
				5D32F7AF294B0CEF002CE156 /* Sources */,
				5D32F7B0294B0CEF002CE156 /* Frameworks */,
				5D32F7B1294B0CEF002CE156 /* Resources */,
				B92CFD2A55060E8887494EE2 /* [CP] Embed Pods Frameworks */,
			);
			buildRules = (
			);
			dependencies = (
			);
			name = Anifu;
			productName = Anifu;
			productReference = 5D32F7B3294B0CEF002CE156 /* Anifu.app */;
			productType = "com.apple.product-type.application";
		};
		C3E36B2B2A0A31920081188E /* AnifuTests */ = {
			isa = PBXNativeTarget;
			buildConfigurationList = C3E36B342A0A31920081188E /* Build configuration list for PBXNativeTarget "AnifuTests" */;
			buildPhases = (
				C3E36B282A0A31920081188E /* Sources */,
				C3E36B292A0A31920081188E /* Frameworks */,
				C3E36B2A2A0A31920081188E /* Resources */,
			);
			buildRules = (
			);
			dependencies = (
				C3E36B312A0A31920081188E /* PBXTargetDependency */,
			);
			name = AnifuTests;
			productName = AnifuTests;
			productReference = C3E36B2C2A0A31920081188E /* AnifuTests.xctest */;
			productType = "com.apple.product-type.bundle.unit-test";
		};
/* End PBXNativeTarget section */

/* Begin PBXProject section */
		5D32F7AB294B0CEE002CE156 /* Project object */ = {
			isa = PBXProject;
			attributes = {
				BuildIndependentTargetsInParallel = 1;
				LastSwiftUpdateCheck = 1420;
				LastUpgradeCheck = 1400;
				TargetAttributes = {
					5D32F7B2294B0CEF002CE156 = {
						CreatedOnToolsVersion = 14.0;
					};
					C3E36B2B2A0A31920081188E = {
						CreatedOnToolsVersion = 14.2;
						TestTargetID = 5D32F7B2294B0CEF002CE156;
					};
				};
			};
			buildConfigurationList = 5D32F7AE294B0CEE002CE156 /* Build configuration list for PBXProject "Anifu" */;
			compatibilityVersion = "Xcode 14.0";
			developmentRegion = en;
			hasScannedForEncodings = 0;
			knownRegions = (
				en,
				Base,
			);
			mainGroup = 5D32F7AA294B0CEE002CE156;
			productRefGroup = 5D32F7B4294B0CEF002CE156 /* Products */;
			projectDirPath = "";
			projectRoot = "";
			targets = (
				5D32F7B2294B0CEF002CE156 /* Anifu */,
				C3E36B2B2A0A31920081188E /* AnifuTests */,
			);
		};
/* End PBXProject section */

/* Begin PBXResourcesBuildPhase section */
		5D32F7B1294B0CEF002CE156 /* Resources */ = {
			isa = PBXResourcesBuildPhase;
			buildActionMask = 2147483647;
			files = (
				5D32F7C3294B0CF1002CE156 /* LaunchScreen.storyboard in Resources */,
				5D32F7C0294B0CF1002CE156 /* Assets.xcassets in Resources */,
			);
			runOnlyForDeploymentPostprocessing = 0;
		};
		C3E36B2A2A0A31920081188E /* Resources */ = {
			isa = PBXResourcesBuildPhase;
			buildActionMask = 2147483647;
			files = (
			);
			runOnlyForDeploymentPostprocessing = 0;
		};
/* End PBXResourcesBuildPhase section */

/* Begin PBXShellScriptBuildPhase section */
		1B8D46A799C4DC47D63B74FA /* [CP] Check Pods Manifest.lock */ = {
			isa = PBXShellScriptBuildPhase;
			buildActionMask = 2147483647;
			files = (
			);
			inputFileListPaths = (
			);
			inputPaths = (
				"${PODS_PODFILE_DIR_PATH}/Podfile.lock",
				"${PODS_ROOT}/Manifest.lock",
			);
			name = "[CP] Check Pods Manifest.lock";
			outputFileListPaths = (
			);
			outputPaths = (
				"$(DERIVED_FILE_DIR)/Pods-Anifu-checkManifestLockResult.txt",
			);
			runOnlyForDeploymentPostprocessing = 0;
			shellPath = /bin/sh;
			shellScript = "diff \"${PODS_PODFILE_DIR_PATH}/Podfile.lock\" \"${PODS_ROOT}/Manifest.lock\" > /dev/null\nif [ $? != 0 ] ; then\n    # print error to STDERR\n    echo \"error: The sandbox is not in sync with the Podfile.lock. Run 'pod install' or update your CocoaPods installation.\" >&2\n    exit 1\nfi\n# This output is used by Xcode 'outputs' to avoid re-running this script phase.\necho \"SUCCESS\" > \"${SCRIPT_OUTPUT_FILE_0}\"\n";
			showEnvVarsInLog = 0;
		};
		B92CFD2A55060E8887494EE2 /* [CP] Embed Pods Frameworks */ = {
			isa = PBXShellScriptBuildPhase;
			buildActionMask = 2147483647;
			files = (
			);
			inputFileListPaths = (
				"${PODS_ROOT}/Target Support Files/Pods-Anifu/Pods-Anifu-frameworks-${CONFIGURATION}-input-files.xcfilelist",
			);
			name = "[CP] Embed Pods Frameworks";
			outputFileListPaths = (
				"${PODS_ROOT}/Target Support Files/Pods-Anifu/Pods-Anifu-frameworks-${CONFIGURATION}-output-files.xcfilelist",
			);
			runOnlyForDeploymentPostprocessing = 0;
			shellPath = /bin/sh;
			shellScript = "\"${PODS_ROOT}/Target Support Files/Pods-Anifu/Pods-Anifu-frameworks.sh\"\n";
			showEnvVarsInLog = 0;
		};
/* End PBXShellScriptBuildPhase section */

/* Begin PBXSourcesBuildPhase section */
		5D32F7AF294B0CEF002CE156 /* Sources */ = {
			isa = PBXSourcesBuildPhase;
			buildActionMask = 2147483647;
			files = (
				5D3978222964118100E4FEA5 /* AnimeListTableViewCell.swift in Sources */,
				5D3978192963DBA900E4FEA5 /* UICollectionView+Extension.swift in Sources */,
				5DA0FAEB2962EF2F00F3C916 /* APIHelper.swift in Sources */,
				5D7FA0162965ADB100E38C6F /* BrowseAnimeViewController+Extension.swift in Sources */,
				5DA0FAE82962E8F800F3C916 /* UIView+Extension.swift in Sources */,
				5D32F7BB294B0CEF002CE156 /* ViewController.swift in Sources */,
				5D32F7B7294B0CEF002CE156 /* AppDelegate.swift in Sources */,
				5D32F7CF294B1FC3002CE156 /* BrowseAnimeViewController.swift in Sources */,
				5D32F7D1294B20D8002CE156 /* AnimeCollectionViewCell.swift in Sources */,
				5D9BC45B296BB984009110C0 /* AnimeCustomSectionHeader.swift in Sources */,
				5D02E76E29653E17008A1596 /* PublicRouter.swift in Sources */,
				5D9BC465296D154D009110C0 /* AnifuTabBarController.swift in Sources */,
				5DC9164B298CB5C000391DAB /* ShimmeringView.swift in Sources */,
				5D7D78C5297A39180053B382 /* BrowseAnimeComposer.swift in Sources */,
				5D32F7CC294B0F41002CE156 /* Preview.swift in Sources */,
				5D32F7D4294B21BA002CE156 /* AnimeCardModel.swift in Sources */,
				5D9BC461296C17A5009110C0 /* URLConstant.swift in Sources */,
				5D4C3F96295D8DE20009FB3B /* AnimeModel.swift in Sources */,
				5D39781F2963F95300E4FEA5 /* AnimeListModel.swift in Sources */,
				5D39781C2963F63200E4FEA5 /* AnimeListViewController.swift in Sources */,
				5D9D00F9295D910200A8EF9B /* URLRequest+Extension.swift in Sources */,
				5D397824296422D300E4FEA5 /* AnimeListViewController+ViewExtension.swift in Sources */,
				5D32F7B9294B0CEF002CE156 /* SceneDelegate.swift in Sources */,
			);
			runOnlyForDeploymentPostprocessing = 0;
		};
		C3E36B282A0A31920081188E /* Sources */ = {
			isa = PBXSourcesBuildPhase;
			buildActionMask = 2147483647;
			files = (
				C3E36B2F2A0A31920081188E /* AnifuTests.swift in Sources */,
				C3E36B372A0A31DC0081188E /* BrowsePageViewModelTest.swift in Sources */,
			);
			runOnlyForDeploymentPostprocessing = 0;
		};
/* End PBXSourcesBuildPhase section */

/* Begin PBXTargetDependency section */
		C3E36B312A0A31920081188E /* PBXTargetDependency */ = {
			isa = PBXTargetDependency;
			target = 5D32F7B2294B0CEF002CE156 /* Anifu */;
			targetProxy = C3E36B302A0A31920081188E /* PBXContainerItemProxy */;
		};
/* End PBXTargetDependency section */

/* Begin PBXVariantGroup section */
		5D32F7C1294B0CF1002CE156 /* LaunchScreen.storyboard */ = {
			isa = PBXVariantGroup;
			children = (
				5D32F7C2294B0CF1002CE156 /* Base */,
			);
			name = LaunchScreen.storyboard;
			sourceTree = "<group>";
		};
/* End PBXVariantGroup section */

/* Begin XCBuildConfiguration section */
		5D32F7C5294B0CF1002CE156 /* Debug */ = {
			isa = XCBuildConfiguration;
			buildSettings = {
				ALWAYS_SEARCH_USER_PATHS = NO;
				CLANG_ANALYZER_NONNULL = YES;
				CLANG_ANALYZER_NUMBER_OBJECT_CONVERSION = YES_AGGRESSIVE;
				CLANG_CXX_LANGUAGE_STANDARD = "gnu++20";
				CLANG_ENABLE_MODULES = YES;
				CLANG_ENABLE_OBJC_ARC = YES;
				CLANG_ENABLE_OBJC_WEAK = YES;
				CLANG_WARN_BLOCK_CAPTURE_AUTORELEASING = YES;
				CLANG_WARN_BOOL_CONVERSION = YES;
				CLANG_WARN_COMMA = YES;
				CLANG_WARN_CONSTANT_CONVERSION = YES;
				CLANG_WARN_DEPRECATED_OBJC_IMPLEMENTATIONS = YES;
				CLANG_WARN_DIRECT_OBJC_ISA_USAGE = YES_ERROR;
				CLANG_WARN_DOCUMENTATION_COMMENTS = YES;
				CLANG_WARN_EMPTY_BODY = YES;
				CLANG_WARN_ENUM_CONVERSION = YES;
				CLANG_WARN_INFINITE_RECURSION = YES;
				CLANG_WARN_INT_CONVERSION = YES;
				CLANG_WARN_NON_LITERAL_NULL_CONVERSION = YES;
				CLANG_WARN_OBJC_IMPLICIT_RETAIN_SELF = YES;
				CLANG_WARN_OBJC_LITERAL_CONVERSION = YES;
				CLANG_WARN_OBJC_ROOT_CLASS = YES_ERROR;
				CLANG_WARN_QUOTED_INCLUDE_IN_FRAMEWORK_HEADER = YES;
				CLANG_WARN_RANGE_LOOP_ANALYSIS = YES;
				CLANG_WARN_STRICT_PROTOTYPES = YES;
				CLANG_WARN_SUSPICIOUS_MOVE = YES;
				CLANG_WARN_UNGUARDED_AVAILABILITY = YES_AGGRESSIVE;
				CLANG_WARN_UNREACHABLE_CODE = YES;
				CLANG_WARN__DUPLICATE_METHOD_MATCH = YES;
				COPY_PHASE_STRIP = NO;
				DEBUG_INFORMATION_FORMAT = dwarf;
				ENABLE_STRICT_OBJC_MSGSEND = YES;
				ENABLE_TESTABILITY = YES;
				GCC_C_LANGUAGE_STANDARD = gnu11;
				GCC_DYNAMIC_NO_PIC = NO;
				GCC_NO_COMMON_BLOCKS = YES;
				GCC_OPTIMIZATION_LEVEL = 0;
				GCC_PREPROCESSOR_DEFINITIONS = (
					"DEBUG=1",
					"$(inherited)",
				);
				GCC_WARN_64_TO_32_BIT_CONVERSION = YES;
				GCC_WARN_ABOUT_RETURN_TYPE = YES_ERROR;
				GCC_WARN_UNDECLARED_SELECTOR = YES;
				GCC_WARN_UNINITIALIZED_AUTOS = YES_AGGRESSIVE;
				GCC_WARN_UNUSED_FUNCTION = YES;
				GCC_WARN_UNUSED_VARIABLE = YES;
				IPHONEOS_DEPLOYMENT_TARGET = 16.0;
				MTL_ENABLE_DEBUG_INFO = INCLUDE_SOURCE;
				MTL_FAST_MATH = YES;
				ONLY_ACTIVE_ARCH = YES;
				SDKROOT = iphoneos;
				SWIFT_ACTIVE_COMPILATION_CONDITIONS = DEBUG;
				SWIFT_OPTIMIZATION_LEVEL = "-Onone";
			};
			name = Debug;
		};
		5D32F7C6294B0CF1002CE156 /* Release */ = {
			isa = XCBuildConfiguration;
			buildSettings = {
				ALWAYS_SEARCH_USER_PATHS = NO;
				CLANG_ANALYZER_NONNULL = YES;
				CLANG_ANALYZER_NUMBER_OBJECT_CONVERSION = YES_AGGRESSIVE;
				CLANG_CXX_LANGUAGE_STANDARD = "gnu++20";
				CLANG_ENABLE_MODULES = YES;
				CLANG_ENABLE_OBJC_ARC = YES;
				CLANG_ENABLE_OBJC_WEAK = YES;
				CLANG_WARN_BLOCK_CAPTURE_AUTORELEASING = YES;
				CLANG_WARN_BOOL_CONVERSION = YES;
				CLANG_WARN_COMMA = YES;
				CLANG_WARN_CONSTANT_CONVERSION = YES;
				CLANG_WARN_DEPRECATED_OBJC_IMPLEMENTATIONS = YES;
				CLANG_WARN_DIRECT_OBJC_ISA_USAGE = YES_ERROR;
				CLANG_WARN_DOCUMENTATION_COMMENTS = YES;
				CLANG_WARN_EMPTY_BODY = YES;
				CLANG_WARN_ENUM_CONVERSION = YES;
				CLANG_WARN_INFINITE_RECURSION = YES;
				CLANG_WARN_INT_CONVERSION = YES;
				CLANG_WARN_NON_LITERAL_NULL_CONVERSION = YES;
				CLANG_WARN_OBJC_IMPLICIT_RETAIN_SELF = YES;
				CLANG_WARN_OBJC_LITERAL_CONVERSION = YES;
				CLANG_WARN_OBJC_ROOT_CLASS = YES_ERROR;
				CLANG_WARN_QUOTED_INCLUDE_IN_FRAMEWORK_HEADER = YES;
				CLANG_WARN_RANGE_LOOP_ANALYSIS = YES;
				CLANG_WARN_STRICT_PROTOTYPES = YES;
				CLANG_WARN_SUSPICIOUS_MOVE = YES;
				CLANG_WARN_UNGUARDED_AVAILABILITY = YES_AGGRESSIVE;
				CLANG_WARN_UNREACHABLE_CODE = YES;
				CLANG_WARN__DUPLICATE_METHOD_MATCH = YES;
				COPY_PHASE_STRIP = NO;
				DEBUG_INFORMATION_FORMAT = "dwarf-with-dsym";
				ENABLE_NS_ASSERTIONS = NO;
				ENABLE_STRICT_OBJC_MSGSEND = YES;
				GCC_C_LANGUAGE_STANDARD = gnu11;
				GCC_NO_COMMON_BLOCKS = YES;
				GCC_WARN_64_TO_32_BIT_CONVERSION = YES;
				GCC_WARN_ABOUT_RETURN_TYPE = YES_ERROR;
				GCC_WARN_UNDECLARED_SELECTOR = YES;
				GCC_WARN_UNINITIALIZED_AUTOS = YES_AGGRESSIVE;
				GCC_WARN_UNUSED_FUNCTION = YES;
				GCC_WARN_UNUSED_VARIABLE = YES;
				IPHONEOS_DEPLOYMENT_TARGET = 16.0;
				MTL_ENABLE_DEBUG_INFO = NO;
				MTL_FAST_MATH = YES;
				SDKROOT = iphoneos;
				SWIFT_COMPILATION_MODE = wholemodule;
				SWIFT_OPTIMIZATION_LEVEL = "-O";
				VALIDATE_PRODUCT = YES;
			};
			name = Release;
		};
		5D32F7C8294B0CF1002CE156 /* Debug */ = {
			isa = XCBuildConfiguration;
			baseConfigurationReference = 2271A89DCF87321A5ACC469E /* Pods-Anifu.debug.xcconfig */;
			buildSettings = {
				ASSETCATALOG_COMPILER_APPICON_NAME = AppIcon;
				ASSETCATALOG_COMPILER_GLOBAL_ACCENT_COLOR_NAME = AccentColor;
				CODE_SIGN_STYLE = Automatic;
				CURRENT_PROJECT_VERSION = 1;
				DEVELOPMENT_TEAM = W8T5R97US6;
				GENERATE_INFOPLIST_FILE = YES;
				INFOPLIST_FILE = Anifu/Info.plist;
				INFOPLIST_KEY_UIApplicationSupportsIndirectInputEvents = YES;
				INFOPLIST_KEY_UILaunchStoryboardName = LaunchScreen;
				INFOPLIST_KEY_UISupportedInterfaceOrientations_iPad = "UIInterfaceOrientationPortrait UIInterfaceOrientationPortraitUpsideDown UIInterfaceOrientationLandscapeLeft UIInterfaceOrientationLandscapeRight";
				INFOPLIST_KEY_UISupportedInterfaceOrientations_iPhone = "UIInterfaceOrientationPortrait UIInterfaceOrientationLandscapeLeft UIInterfaceOrientationLandscapeRight";
				IPHONEOS_DEPLOYMENT_TARGET = 15.0;
				LD_RUNPATH_SEARCH_PATHS = (
					"$(inherited)",
					"@executable_path/Frameworks",
				);
				MARKETING_VERSION = 1.0;
				PRODUCT_BUNDLE_IDENTIFIER = id.terre.Anifu;
				PRODUCT_NAME = "$(TARGET_NAME)";
				SWIFT_EMIT_LOC_STRINGS = YES;
				SWIFT_VERSION = 5.0;
				TARGETED_DEVICE_FAMILY = "1,2";
			};
			name = Debug;
		};
		5D32F7C9294B0CF1002CE156 /* Release */ = {
			isa = XCBuildConfiguration;
			baseConfigurationReference = CA11ED92438A7BB0802E3D6E /* Pods-Anifu.release.xcconfig */;
			buildSettings = {
				ASSETCATALOG_COMPILER_APPICON_NAME = AppIcon;
				ASSETCATALOG_COMPILER_GLOBAL_ACCENT_COLOR_NAME = AccentColor;
				CODE_SIGN_STYLE = Automatic;
				CURRENT_PROJECT_VERSION = 1;
				DEVELOPMENT_TEAM = W8T5R97US6;
				GENERATE_INFOPLIST_FILE = YES;
				INFOPLIST_FILE = Anifu/Info.plist;
				INFOPLIST_KEY_UIApplicationSupportsIndirectInputEvents = YES;
				INFOPLIST_KEY_UILaunchStoryboardName = LaunchScreen;
				INFOPLIST_KEY_UISupportedInterfaceOrientations_iPad = "UIInterfaceOrientationPortrait UIInterfaceOrientationPortraitUpsideDown UIInterfaceOrientationLandscapeLeft UIInterfaceOrientationLandscapeRight";
				INFOPLIST_KEY_UISupportedInterfaceOrientations_iPhone = "UIInterfaceOrientationPortrait UIInterfaceOrientationLandscapeLeft UIInterfaceOrientationLandscapeRight";
				IPHONEOS_DEPLOYMENT_TARGET = 15.0;
				LD_RUNPATH_SEARCH_PATHS = (
					"$(inherited)",
					"@executable_path/Frameworks",
				);
				MARKETING_VERSION = 1.0;
				PRODUCT_BUNDLE_IDENTIFIER = id.terre.Anifu;
				PRODUCT_NAME = "$(TARGET_NAME)";
				SWIFT_EMIT_LOC_STRINGS = YES;
				SWIFT_VERSION = 5.0;
				TARGETED_DEVICE_FAMILY = "1,2";
			};
			name = Release;
		};
		C3E36B322A0A31920081188E /* Debug */ = {
			isa = XCBuildConfiguration;
			buildSettings = {
				BUNDLE_LOADER = "$(TEST_HOST)";
				CODE_SIGN_STYLE = Automatic;
				CURRENT_PROJECT_VERSION = 1;
				DEVELOPMENT_TEAM = W8T5R97US6;
				GENERATE_INFOPLIST_FILE = YES;
				IPHONEOS_DEPLOYMENT_TARGET = 16.2;
				MARKETING_VERSION = 1.0;
				PRODUCT_BUNDLE_IDENTIFIER = id.terretino.AnifuTests;
				PRODUCT_NAME = "$(TARGET_NAME)";
				SWIFT_EMIT_LOC_STRINGS = NO;
				SWIFT_VERSION = 5.0;
				TARGETED_DEVICE_FAMILY = "1,2";
				TEST_HOST = "$(BUILT_PRODUCTS_DIR)/Anifu.app/$(BUNDLE_EXECUTABLE_FOLDER_PATH)/Anifu";
			};
			name = Debug;
		};
		C3E36B332A0A31920081188E /* Release */ = {
			isa = XCBuildConfiguration;
			buildSettings = {
				BUNDLE_LOADER = "$(TEST_HOST)";
				CODE_SIGN_STYLE = Automatic;
				CURRENT_PROJECT_VERSION = 1;
				DEVELOPMENT_TEAM = W8T5R97US6;
				GENERATE_INFOPLIST_FILE = YES;
				IPHONEOS_DEPLOYMENT_TARGET = 16.2;
				MARKETING_VERSION = 1.0;
				PRODUCT_BUNDLE_IDENTIFIER = id.terretino.AnifuTests;
				PRODUCT_NAME = "$(TARGET_NAME)";
				SWIFT_EMIT_LOC_STRINGS = NO;
				SWIFT_VERSION = 5.0;
				TARGETED_DEVICE_FAMILY = "1,2";
				TEST_HOST = "$(BUILT_PRODUCTS_DIR)/Anifu.app/$(BUNDLE_EXECUTABLE_FOLDER_PATH)/Anifu";
			};
			name = Release;
		};
/* End XCBuildConfiguration section */

/* Begin XCConfigurationList section */
		5D32F7AE294B0CEE002CE156 /* Build configuration list for PBXProject "Anifu" */ = {
			isa = XCConfigurationList;
			buildConfigurations = (
				5D32F7C5294B0CF1002CE156 /* Debug */,
				5D32F7C6294B0CF1002CE156 /* Release */,
			);
			defaultConfigurationIsVisible = 0;
			defaultConfigurationName = Release;
		};
		5D32F7C7294B0CF1002CE156 /* Build configuration list for PBXNativeTarget "Anifu" */ = {
			isa = XCConfigurationList;
			buildConfigurations = (
				5D32F7C8294B0CF1002CE156 /* Debug */,
				5D32F7C9294B0CF1002CE156 /* Release */,
			);
			defaultConfigurationIsVisible = 0;
			defaultConfigurationName = Release;
		};
		C3E36B342A0A31920081188E /* Build configuration list for PBXNativeTarget "AnifuTests" */ = {
			isa = XCConfigurationList;
			buildConfigurations = (
				C3E36B322A0A31920081188E /* Debug */,
				C3E36B332A0A31920081188E /* Release */,
			);
			defaultConfigurationIsVisible = 0;
			defaultConfigurationName = Release;
		};
/* End XCConfigurationList section */
	};
	rootObject = 5D32F7AB294B0CEE002CE156 /* Project object */;
}
